
Microsoft Visual Studio Solution File, Format Version 12.00
# Visual Studio Version 16
VisualStudioVersion = 16.0.30804.86
MinimumVisualStudioVersion = 10.0.40219.1
Project("{9A19103F-16F7-4668-BE54-9A1E7A4F7556}") = "SistemaVenda", "SistemaVenda.csproj", "{2EF63714-1F68-4B6B-B65A-4CE5EEBC6082}"
EndProject
Project("{9A19103F-16F7-4668-BE54-9A1E7A4F7556}") = "SistemaVenda.Dominio", "..\SistemaVenda.Dominio\SistemaVenda.Dominio.csproj", "{074860C5-01BB-4B4B-BA5F-64E57447DC39}"
EndProject
Project("{9A19103F-16F7-4668-BE54-9A1E7A4F7556}") = "SistemaVenda.Repositorio", "..\SistemaVenda.Repository\SistemaVenda.Repositorio.csproj", "{B407611F-6C18-44EC-BADB-D390EB61A71E}"
EndProject
Project("{9A19103F-16F7-4668-BE54-9A1E7A4F7556}") = "SistemaVenda.Servico", "..\SistemaVenda.Servico\SistemaVenda.Servico.csproj", "{D16C923A-FC19-4EA6-9A65-8010213E41F5}"
EndProject
Project("{FAE04EC0-301F-11D3-BF4B-00C04F79EFBC}") = "SistemaVenda.Test", "..\SistemaVenda.Test\SistemaVenda.Test.csproj", "{CC6987CD-2D1A-413E-8C10-83D859691ED1}"
EndProject
Global
	GlobalSection(SolutionConfigurationPlatforms) = preSolution
		Debug|Any CPU = Debug|Any CPU
		Release|Any CPU = Release|Any CPU
	EndGlobalSection
	GlobalSection(ProjectConfigurationPlatforms) = postSolution
		{2EF63714-1F68-4B6B-B65A-4CE5EEBC6082}.Debug|Any CPU.ActiveCfg = Debug|Any CPU
		{2EF63714-1F68-4B6B-B65A-4CE5EEBC6082}.Debug|Any CPU.Build.0 = Debug|Any CPU
		{2EF63714-1F68-4B6B-B65A-4CE5EEBC6082}.Release|Any CPU.ActiveCfg = Release|Any CPU
		{2EF63714-1F68-4B6B-B65A-4CE5EEBC6082}.Release|Any CPU.Build.0 = Release|Any CPU
		{074860C5-01BB-4B4B-BA5F-64E57447DC39}.Debug|Any CPU.ActiveCfg = Debug|Any CPU
		{074860C5-01BB-4B4B-BA5F-64E57447DC39}.Debug|Any CPU.Build.0 = Debug|Any CPU
		{074860C5-01BB-4B4B-BA5F-64E57447DC39}.Release|Any CPU.ActiveCfg = Release|Any CPU
		{074860C5-01BB-4B4B-BA5F-64E57447DC39}.Release|Any CPU.Build.0 = Release|Any CPU
		{B407611F-6C18-44EC-BADB-D390EB61A71E}.Debug|Any CPU.ActiveCfg = Debug|Any CPU
		{B407611F-6C18-44EC-BADB-D390EB61A71E}.Debug|Any CPU.Build.0 = Debug|Any CPU
		{B407611F-6C18-44EC-BADB-D390EB61A71E}.Release|Any CPU.ActiveCfg = Release|Any CPU
		{B407611F-6C18-44EC-BADB-D390EB61A71E}.Release|Any CPU.Build.0 = Release|Any CPU
		{D16C923A-FC19-4EA6-9A65-8010213E41F5}.Debug|Any CPU.ActiveCfg = Debug|Any CPU
		{D16C923A-FC19-4EA6-9A65-8010213E41F5}.Debug|Any CPU.Build.0 = Debug|Any CPU
		{D16C923A-FC19-4EA6-9A65-8010213E41F5}.Release|Any CPU.ActiveCfg = Release|Any CPU
		{D16C923A-FC19-4EA6-9A65-8010213E41F5}.Release|Any CPU.Build.0 = Release|Any CPU
		{CC6987CD-2D1A-413E-8C10-83D859691ED1}.Debug|Any CPU.ActiveCfg = Debug|Any CPU
		{CC6987CD-2D1A-413E-8C10-83D859691ED1}.Debug|Any CPU.Build.0 = Debug|Any CPU
		{CC6987CD-2D1A-413E-8C10-83D859691ED1}.Release|Any CPU.ActiveCfg = Release|Any CPU
		{CC6987CD-2D1A-413E-8C10-83D859691ED1}.Release|Any CPU.Build.0 = Release|Any CPU
	EndGlobalSection
	GlobalSection(SolutionProperties) = preSolution
		HideSolutionNode = FALSE
	EndGlobalSection
	GlobalSection(ExtensibilityGlobals) = postSolution
		SolutionGuid = {35275825-2CEB-48DA-AF63-19E91F1BF846}
	EndGlobalSection
EndGlobal
